{
  "requires": true,
  "lockfileVersion": 1,
  "dependencies": {
    "jquery-fancybox": {
      "version": "3.1.0",
      "resolved": "https://registry.npmjs.org/jquery-fancybox/-/jquery-fancybox-3.1.0.tgz",
      "integrity": "sha1-fkOLy1hTm81KQmL42H1sRI6jz2g="
    },
    "jquery-ui": {
      "version": "1.12.1",
      "resolved": "https://registry.npmjs.org/jquery-ui/-/jquery-ui-1.12.1.tgz",
      "integrity": "sha1-vLQEXI3QU5wTS8FIjN0+dop6nlE="
    }
  }
}
