
Microsoft Visual Studio Solution File, Format Version 12.00
# Visual Studio 15
VisualStudioVersion = 15.0.28307.645
MinimumVisualStudioVersion = 10.0.40219.1
Project("{9A19103F-16F7-4668-BE54-9A1E7A4F7556}") = "ProjetoPET", "ProjetoPET\ProjetoPET.csproj", "{29C2EE76-B191-471D-8E45-21D188BDCBB6}"
EndProject
Project("{FAE04EC0-301F-11D3-BF4B-00C04F79EFBC}") = "Infra", "Infra\Infra.csproj", "{404348D2-9DAB-4969-9461-9FD4574F73D8}"
EndProject
Project("{FAE04EC0-301F-11D3-BF4B-00C04F79EFBC}") = "Domain", "Domain\Domain.csproj", "{31381B0A-A4AB-49F0-AE77-58496149A3D1}"
EndProject
Global
	GlobalSection(SolutionConfigurationPlatforms) = preSolution
		Debug|Any CPU = Debug|Any CPU
		Debug|ARM = Debug|ARM
		Debug|ARM64 = Debug|ARM64
		Debug|x64 = Debug|x64
		Debug|x86 = Debug|x86
		Release|Any CPU = Release|Any CPU
		Release|ARM = Release|ARM
		Release|ARM64 = Release|ARM64
		Release|x64 = Release|x64
		Release|x86 = Release|x86
	EndGlobalSection
	GlobalSection(ProjectConfigurationPlatforms) = postSolution
		{29C2EE76-B191-471D-8E45-21D188BDCBB6}.Debug|Any CPU.ActiveCfg = Debug|Any CPU
		{29C2EE76-B191-471D-8E45-21D188BDCBB6}.Debug|Any CPU.Build.0 = Debug|Any CPU
		{29C2EE76-B191-471D-8E45-21D188BDCBB6}.Debug|ARM.ActiveCfg = Debug|Any CPU
		{29C2EE76-B191-471D-8E45-21D188BDCBB6}.Debug|ARM.Build.0 = Debug|Any CPU
		{29C2EE76-B191-471D-8E45-21D188BDCBB6}.Debug|ARM64.ActiveCfg = Debug|Any CPU
		{29C2EE76-B191-471D-8E45-21D188BDCBB6}.Debug|ARM64.Build.0 = Debug|Any CPU
		{29C2EE76-B191-471D-8E45-21D188BDCBB6}.Debug|x64.ActiveCfg = Debug|Any CPU
		{29C2EE76-B191-471D-8E45-21D188BDCBB6}.Debug|x64.Build.0 = Debug|Any CPU
		{29C2EE76-B191-471D-8E45-21D188BDCBB6}.Debug|x86.ActiveCfg = Debug|Any CPU
		{29C2EE76-B191-471D-8E45-21D188BDCBB6}.Debug|x86.Build.0 = Debug|Any CPU
		{29C2EE76-B191-471D-8E45-21D188BDCBB6}.Release|Any CPU.ActiveCfg = Release|Any CPU
		{29C2EE76-B191-471D-8E45-21D188BDCBB6}.Release|Any CPU.Build.0 = Release|Any CPU
		{29C2EE76-B191-471D-8E45-21D188BDCBB6}.Release|ARM.ActiveCfg = Release|Any CPU
		{29C2EE76-B191-471D-8E45-21D188BDCBB6}.Release|ARM.Build.0 = Release|Any CPU
		{29C2EE76-B191-471D-8E45-21D188BDCBB6}.Release|ARM64.ActiveCfg = Release|Any CPU
		{29C2EE76-B191-471D-8E45-21D188BDCBB6}.Release|ARM64.Build.0 = Release|Any CPU
		{29C2EE76-B191-471D-8E45-21D188BDCBB6}.Release|x64.ActiveCfg = Release|Any CPU
		{29C2EE76-B191-471D-8E45-21D188BDCBB6}.Release|x64.Build.0 = Release|Any CPU
		{29C2EE76-B191-471D-8E45-21D188BDCBB6}.Release|x86.ActiveCfg = Release|Any CPU
		{29C2EE76-B191-471D-8E45-21D188BDCBB6}.Release|x86.Build.0 = Release|Any CPU
		{404348D2-9DAB-4969-9461-9FD4574F73D8}.Debug|Any CPU.ActiveCfg = Debug|Any CPU
		{404348D2-9DAB-4969-9461-9FD4574F73D8}.Debug|Any CPU.Build.0 = Debug|Any CPU
		{404348D2-9DAB-4969-9461-9FD4574F73D8}.Debug|ARM.ActiveCfg = Debug|Any CPU
		{404348D2-9DAB-4969-9461-9FD4574F73D8}.Debug|ARM.Build.0 = Debug|Any CPU
		{404348D2-9DAB-4969-9461-9FD4574F73D8}.Debug|ARM64.ActiveCfg = Debug|Any CPU
		{404348D2-9DAB-4969-9461-9FD4574F73D8}.Debug|ARM64.Build.0 = Debug|Any CPU
		{404348D2-9DAB-4969-9461-9FD4574F73D8}.Debug|x64.ActiveCfg = Debug|Any CPU
		{404348D2-9DAB-4969-9461-9FD4574F73D8}.Debug|x64.Build.0 = Debug|Any CPU
		{404348D2-9DAB-4969-9461-9FD4574F73D8}.Debug|x86.ActiveCfg = Debug|Any CPU
		{404348D2-9DAB-4969-9461-9FD4574F73D8}.Debug|x86.Build.0 = Debug|Any CPU
		{404348D2-9DAB-4969-9461-9FD4574F73D8}.Release|Any CPU.ActiveCfg = Release|Any CPU
		{404348D2-9DAB-4969-9461-9FD4574F73D8}.Release|Any CPU.Build.0 = Release|Any CPU
		{404348D2-9DAB-4969-9461-9FD4574F73D8}.Release|ARM.ActiveCfg = Release|Any CPU
		{404348D2-9DAB-4969-9461-9FD4574F73D8}.Release|ARM.Build.0 = Release|Any CPU
		{404348D2-9DAB-4969-9461-9FD4574F73D8}.Release|ARM64.ActiveCfg = Release|Any CPU
		{404348D2-9DAB-4969-9461-9FD4574F73D8}.Release|ARM64.Build.0 = Release|Any CPU
		{404348D2-9DAB-4969-9461-9FD4574F73D8}.Release|x64.ActiveCfg = Release|Any CPU
		{404348D2-9DAB-4969-9461-9FD4574F73D8}.Release|x64.Build.0 = Release|Any CPU
		{404348D2-9DAB-4969-9461-9FD4574F73D8}.Release|x86.ActiveCfg = Release|Any CPU
		{404348D2-9DAB-4969-9461-9FD4574F73D8}.Release|x86.Build.0 = Release|Any CPU
		{31381B0A-A4AB-49F0-AE77-58496149A3D1}.Debug|Any CPU.ActiveCfg = Debug|Any CPU
		{31381B0A-A4AB-49F0-AE77-58496149A3D1}.Debug|Any CPU.Build.0 = Debug|Any CPU
		{31381B0A-A4AB-49F0-AE77-58496149A3D1}.Debug|ARM.ActiveCfg = Debug|Any CPU
		{31381B0A-A4AB-49F0-AE77-58496149A3D1}.Debug|ARM.Build.0 = Debug|Any CPU
		{31381B0A-A4AB-49F0-AE77-58496149A3D1}.Debug|ARM64.ActiveCfg = Debug|Any CPU
		{31381B0A-A4AB-49F0-AE77-58496149A3D1}.Debug|ARM64.Build.0 = Debug|Any CPU
		{31381B0A-A4AB-49F0-AE77-58496149A3D1}.Debug|x64.ActiveCfg = Debug|Any CPU
		{31381B0A-A4AB-49F0-AE77-58496149A3D1}.Debug|x64.Build.0 = Debug|Any CPU
		{31381B0A-A4AB-49F0-AE77-58496149A3D1}.Debug|x86.ActiveCfg = Debug|Any CPU
		{31381B0A-A4AB-49F0-AE77-58496149A3D1}.Debug|x86.Build.0 = Debug|Any CPU
		{31381B0A-A4AB-49F0-AE77-58496149A3D1}.Release|Any CPU.ActiveCfg = Release|Any CPU
		{31381B0A-A4AB-49F0-AE77-58496149A3D1}.Release|Any CPU.Build.0 = Release|Any CPU
		{31381B0A-A4AB-49F0-AE77-58496149A3D1}.Release|ARM.ActiveCfg = Release|Any CPU
		{31381B0A-A4AB-49F0-AE77-58496149A3D1}.Release|ARM.Build.0 = Release|Any CPU
		{31381B0A-A4AB-49F0-AE77-58496149A3D1}.Release|ARM64.ActiveCfg = Release|Any CPU
		{31381B0A-A4AB-49F0-AE77-58496149A3D1}.Release|ARM64.Build.0 = Release|Any CPU
		{31381B0A-A4AB-49F0-AE77-58496149A3D1}.Release|x64.ActiveCfg = Release|Any CPU
		{31381B0A-A4AB-49F0-AE77-58496149A3D1}.Release|x64.Build.0 = Release|Any CPU
		{31381B0A-A4AB-49F0-AE77-58496149A3D1}.Release|x86.ActiveCfg = Release|Any CPU
		{31381B0A-A4AB-49F0-AE77-58496149A3D1}.Release|x86.Build.0 = Release|Any CPU
	EndGlobalSection
	GlobalSection(SolutionProperties) = preSolution
		HideSolutionNode = FALSE
	EndGlobalSection
	GlobalSection(ExtensibilityGlobals) = postSolution
		SolutionGuid = {A0B83187-2571-48C7-B080-63FDFFE1EC01}
	EndGlobalSection
EndGlobal
